
Microsoft Visual Studio Solution File, Format Version 12.00
# Visual Studio Version 16
VisualStudioVersion = 16.0.31729.503
MinimumVisualStudioVersion = 10.0.40219.1
Project("{FAE04EC0-301F-11D3-BF4B-00C04F79EFBC}") = "AlarmeRemedios", "AlarmeRemedios\AlarmeRemedios.csproj", "{3B13C65E-1072-4211-AB2E-5623C6116AF9}"
EndProject
Global
	GlobalSection(SolutionConfigurationPlatforms) = preSolution
		Debug|Any CPU = Debug|Any CPU
		Release|Any CPU = Release|Any CPU
	EndGlobalSection
	GlobalSection(ProjectConfigurationPlatforms) = postSolution
		{3B13C65E-1072-4211-AB2E-5623C6116AF9}.Debug|Any CPU.ActiveCfg = Debug|Any CPU
		{3B13C65E-1072-4211-AB2E-5623C6116AF9}.Debug|Any CPU.Build.0 = Debug|Any CPU
		{3B13C65E-1072-4211-AB2E-5623C6116AF9}.Release|Any CPU.ActiveCfg = Release|Any CPU
		{3B13C65E-1072-4211-AB2E-5623C6116AF9}.Release|Any CPU.Build.0 = Release|Any CPU
	EndGlobalSection
	GlobalSection(SolutionProperties) = preSolution
		HideSolutionNode = FALSE
	EndGlobalSection
	GlobalSection(ExtensibilityGlobals) = postSolution
		SolutionGuid = {6FC092BF-4A8B-456E-A7C7-331E7BB12713}
	EndGlobalSection
EndGlobal
